
Microsoft Visual Studio Solution File, Format Version 11.00
# Visual Studio 2010
Project("{FAE04EC0-301F-11D3-BF4B-00C04F79EFBC}") = "Hadoz", "Hadoz\Hadoz.csproj", "{EB3B3EFD-397E-48ED-B90F-3D460F30BCBD}"
EndProject
Project("{FAE04EC0-301F-11D3-BF4B-00C04F79EFBC}") = "HadozDataModel", "HadozDataModel\HadozDataModel.csproj", "{5E0B8948-9F92-4120-B8A7-C34BAD7E89A7}"
EndProject
Project("{FAE04EC0-301F-11D3-BF4B-00C04F79EFBC}") = "HadozViewModel", "HadozViewModel\HadozViewModel.csproj", "{2313EB3B-155D-4A9C-AFFB-894681FAEC43}"
EndProject
Project("{FAE04EC0-301F-11D3-BF4B-00C04F79EFBC}") = "HadozBusinessServices", "HadozBusinessServices\HadozBusinessServices.csproj", "{E5EBF76B-C060-43A7-AE61-FF6E41DFDC71}"
EndProject
Project("{FAE04EC0-301F-11D3-BF4B-00C04F79EFBC}") = "HadozDataAccessServices", "HadozDataAccessServices\HadozDataAccessServices.csproj", "{AB11FC9A-C12E-4B32-9380-93259D12F0E1}"
EndProject
Global
	GlobalSection(SolutionConfigurationPlatforms) = preSolution
		Debug|Any CPU = Debug|Any CPU
		Release|Any CPU = Release|Any CPU
	EndGlobalSection
	GlobalSection(ProjectConfigurationPlatforms) = postSolution
		{EB3B3EFD-397E-48ED-B90F-3D460F30BCBD}.Debug|Any CPU.ActiveCfg = Debug|Any CPU
		{EB3B3EFD-397E-48ED-B90F-3D460F30BCBD}.Debug|Any CPU.Build.0 = Debug|Any CPU
		{EB3B3EFD-397E-48ED-B90F-3D460F30BCBD}.Release|Any CPU.ActiveCfg = Release|Any CPU
		{EB3B3EFD-397E-48ED-B90F-3D460F30BCBD}.Release|Any CPU.Build.0 = Release|Any CPU
		{5E0B8948-9F92-4120-B8A7-C34BAD7E89A7}.Debug|Any CPU.ActiveCfg = Debug|Any CPU
		{5E0B8948-9F92-4120-B8A7-C34BAD7E89A7}.Debug|Any CPU.Build.0 = Debug|Any CPU
		{5E0B8948-9F92-4120-B8A7-C34BAD7E89A7}.Release|Any CPU.ActiveCfg = Release|Any CPU
		{5E0B8948-9F92-4120-B8A7-C34BAD7E89A7}.Release|Any CPU.Build.0 = Release|Any CPU
		{2313EB3B-155D-4A9C-AFFB-894681FAEC43}.Debug|Any CPU.ActiveCfg = Debug|Any CPU
		{2313EB3B-155D-4A9C-AFFB-894681FAEC43}.Debug|Any CPU.Build.0 = Debug|Any CPU
		{2313EB3B-155D-4A9C-AFFB-894681FAEC43}.Release|Any CPU.ActiveCfg = Release|Any CPU
		{2313EB3B-155D-4A9C-AFFB-894681FAEC43}.Release|Any CPU.Build.0 = Release|Any CPU
		{E5EBF76B-C060-43A7-AE61-FF6E41DFDC71}.Debug|Any CPU.ActiveCfg = Debug|Any CPU
		{E5EBF76B-C060-43A7-AE61-FF6E41DFDC71}.Debug|Any CPU.Build.0 = Debug|Any CPU
		{E5EBF76B-C060-43A7-AE61-FF6E41DFDC71}.Release|Any CPU.ActiveCfg = Release|Any CPU
		{E5EBF76B-C060-43A7-AE61-FF6E41DFDC71}.Release|Any CPU.Build.0 = Release|Any CPU
		{AB11FC9A-C12E-4B32-9380-93259D12F0E1}.Debug|Any CPU.ActiveCfg = Debug|Any CPU
		{AB11FC9A-C12E-4B32-9380-93259D12F0E1}.Debug|Any CPU.Build.0 = Debug|Any CPU
		{AB11FC9A-C12E-4B32-9380-93259D12F0E1}.Release|Any CPU.ActiveCfg = Release|Any CPU
		{AB11FC9A-C12E-4B32-9380-93259D12F0E1}.Release|Any CPU.Build.0 = Release|Any CPU
	EndGlobalSection
	GlobalSection(SolutionProperties) = preSolution
		HideSolutionNode = FALSE
	EndGlobalSection
EndGlobal
